
Microsoft Visual Studio Solution File, Format Version 11.00
# Visual Studio 2010
Project("{FAE04EC0-301F-11D3-BF4B-00C04F79EFBC}") = "HoudiniEngineUnity", "HoudiniEngineUnity.csproj", "{CC951A16-E5C6-7B5E-A477-2DD80EA007F0}"
EndProject
Project("{FAE04EC0-301F-11D3-BF4B-00C04F79EFBC}") = "HoudiniEngineUnityEditor", "HoudiniEngineUnityEditor.csproj", "{DF5FB11A-3AAA-D542-1E27-C937BEBECBBC}"
EndProject
Global
	GlobalSection(SolutionConfigurationPlatforms) = preSolution
		Debug|Any CPU = Debug|Any CPU
		Release|Any CPU = Release|Any CPU
	EndGlobalSection
	GlobalSection(ProjectConfigurationPlatforms) = postSolution
		{CC951A16-E5C6-7B5E-A477-2DD80EA007F0}.Debug|Any CPU.ActiveCfg = Debug|Any CPU
		{CC951A16-E5C6-7B5E-A477-2DD80EA007F0}.Debug|Any CPU.Build.0 = Debug|Any CPU
		{CC951A16-E5C6-7B5E-A477-2DD80EA007F0}.Release|Any CPU.ActiveCfg = Release|Any CPU
		{CC951A16-E5C6-7B5E-A477-2DD80EA007F0}.Release|Any CPU.Build.0 = Release|Any CPU
		{DF5FB11A-3AAA-D542-1E27-C937BEBECBBC}.Debug|Any CPU.ActiveCfg = Debug|Any CPU
		{DF5FB11A-3AAA-D542-1E27-C937BEBECBBC}.Debug|Any CPU.Build.0 = Debug|Any CPU
		{DF5FB11A-3AAA-D542-1E27-C937BEBECBBC}.Release|Any CPU.ActiveCfg = Release|Any CPU
		{DF5FB11A-3AAA-D542-1E27-C937BEBECBBC}.Release|Any CPU.Build.0 = Release|Any CPU
	EndGlobalSection
	GlobalSection(SolutionProperties) = preSolution
		HideSolutionNode = FALSE
	EndGlobalSection
EndGlobal
